
Microsoft Visual Studio Solution File, Format Version 12.00
# Visual Studio Version 17
VisualStudioVersion = 17.10.34928.147
MinimumVisualStudioVersion = 10.0.40219.1
Project("{2150E333-8FDC-42A3-9474-1A3956D46DE8}") = "Data Structure", "Data Structure", "{24C71A76-1FF7-450D-86B2-F570BAA8AB7C}"
EndProject
Project("{FAE04EC0-301F-11D3-BF4B-00C04F79EFBC}") = "LinkedList", "LinkedList\LinkedList.csproj", "{7FE15B6D-9C8B-49B9-9095-28D839BFC09A}"
EndProject
Project("{2150E333-8FDC-42A3-9474-1A3956D46DE8}") = "Interview Questions", "Interview Questions", "{939582A9-958F-447A-A5E0-AAECD405CE54}"
EndProject
Project("{FAE04EC0-301F-11D3-BF4B-00C04F79EFBC}") = "Array", "Array\Array.csproj", "{F60F6E8F-783C-4CFF-AACB-1915FFFE4791}"
EndProject
Project("{FAE04EC0-301F-11D3-BF4B-00C04F79EFBC}") = "Binary", "Binary\Binary.csproj", "{26A5F140-032B-419A-80D7-6E0C60782ABF}"
EndProject
Project("{FAE04EC0-301F-11D3-BF4B-00C04F79EFBC}") = "Dynamic Programming", "Dynamic Programming\Dynamic Programming.csproj", "{ABAB811F-F097-4A0E-B81F-281FE22E781D}"
EndProject
Project("{FAE04EC0-301F-11D3-BF4B-00C04F79EFBC}") = "Graph", "Graph\Graph.csproj", "{897A94A5-76FC-4817-8E58-AE667672DD55}"
EndProject
Project("{FAE04EC0-301F-11D3-BF4B-00C04F79EFBC}") = "Interval", "Interval\Interval.csproj", "{CBA34CAD-E1D9-435D-A20A-888F31D4F6F8}"
EndProject
Project("{FAE04EC0-301F-11D3-BF4B-00C04F79EFBC}") = "Linked List", "Linked List\Linked List.csproj", "{1779A9FC-D26F-4A5A-A6E6-96E6F49AECA9}"
EndProject
Project("{FAE04EC0-301F-11D3-BF4B-00C04F79EFBC}") = "Matrix", "Matrix\Matrix.csproj", "{4E61D503-DCAB-4F4D-8D3C-A9B647590E5B}"
EndProject
Project("{FAE04EC0-301F-11D3-BF4B-00C04F79EFBC}") = "String", "String\String.csproj", "{FD2AB4CC-5B5E-4950-908E-30A1AD6184E2}"
EndProject
Project("{FAE04EC0-301F-11D3-BF4B-00C04F79EFBC}") = "Tree", "Tree\Tree.csproj", "{D0D0CCBC-B541-49B8-B47F-62D93530D029}"
EndProject
Project("{FAE04EC0-301F-11D3-BF4B-00C04F79EFBC}") = "Heap", "Heap\Heap.csproj", "{5236D186-1AB4-416E-9C69-AA86ADE4FF75}"
EndProject
Global
	GlobalSection(SolutionConfigurationPlatforms) = preSolution
		Debug|Any CPU = Debug|Any CPU
		Release|Any CPU = Release|Any CPU
	EndGlobalSection
	GlobalSection(ProjectConfigurationPlatforms) = postSolution
		{7FE15B6D-9C8B-49B9-9095-28D839BFC09A}.Debug|Any CPU.ActiveCfg = Debug|Any CPU
		{7FE15B6D-9C8B-49B9-9095-28D839BFC09A}.Debug|Any CPU.Build.0 = Debug|Any CPU
		{7FE15B6D-9C8B-49B9-9095-28D839BFC09A}.Release|Any CPU.ActiveCfg = Release|Any CPU
		{7FE15B6D-9C8B-49B9-9095-28D839BFC09A}.Release|Any CPU.Build.0 = Release|Any CPU
		{F60F6E8F-783C-4CFF-AACB-1915FFFE4791}.Debug|Any CPU.ActiveCfg = Debug|Any CPU
		{F60F6E8F-783C-4CFF-AACB-1915FFFE4791}.Debug|Any CPU.Build.0 = Debug|Any CPU
		{F60F6E8F-783C-4CFF-AACB-1915FFFE4791}.Release|Any CPU.ActiveCfg = Release|Any CPU
		{F60F6E8F-783C-4CFF-AACB-1915FFFE4791}.Release|Any CPU.Build.0 = Release|Any CPU
		{26A5F140-032B-419A-80D7-6E0C60782ABF}.Debug|Any CPU.ActiveCfg = Debug|Any CPU
		{26A5F140-032B-419A-80D7-6E0C60782ABF}.Debug|Any CPU.Build.0 = Debug|Any CPU
		{26A5F140-032B-419A-80D7-6E0C60782ABF}.Release|Any CPU.ActiveCfg = Release|Any CPU
		{26A5F140-032B-419A-80D7-6E0C60782ABF}.Release|Any CPU.Build.0 = Release|Any CPU
		{ABAB811F-F097-4A0E-B81F-281FE22E781D}.Debug|Any CPU.ActiveCfg = Debug|Any CPU
		{ABAB811F-F097-4A0E-B81F-281FE22E781D}.Debug|Any CPU.Build.0 = Debug|Any CPU
		{ABAB811F-F097-4A0E-B81F-281FE22E781D}.Release|Any CPU.ActiveCfg = Release|Any CPU
		{ABAB811F-F097-4A0E-B81F-281FE22E781D}.Release|Any CPU.Build.0 = Release|Any CPU
		{897A94A5-76FC-4817-8E58-AE667672DD55}.Debug|Any CPU.ActiveCfg = Debug|Any CPU
		{897A94A5-76FC-4817-8E58-AE667672DD55}.Debug|Any CPU.Build.0 = Debug|Any CPU
		{897A94A5-76FC-4817-8E58-AE667672DD55}.Release|Any CPU.ActiveCfg = Release|Any CPU
		{897A94A5-76FC-4817-8E58-AE667672DD55}.Release|Any CPU.Build.0 = Release|Any CPU
		{CBA34CAD-E1D9-435D-A20A-888F31D4F6F8}.Debug|Any CPU.ActiveCfg = Debug|Any CPU
		{CBA34CAD-E1D9-435D-A20A-888F31D4F6F8}.Debug|Any CPU.Build.0 = Debug|Any CPU
		{CBA34CAD-E1D9-435D-A20A-888F31D4F6F8}.Release|Any CPU.ActiveCfg = Release|Any CPU
		{CBA34CAD-E1D9-435D-A20A-888F31D4F6F8}.Release|Any CPU.Build.0 = Release|Any CPU
		{1779A9FC-D26F-4A5A-A6E6-96E6F49AECA9}.Debug|Any CPU.ActiveCfg = Debug|Any CPU
		{1779A9FC-D26F-4A5A-A6E6-96E6F49AECA9}.Debug|Any CPU.Build.0 = Debug|Any CPU
		{1779A9FC-D26F-4A5A-A6E6-96E6F49AECA9}.Release|Any CPU.ActiveCfg = Release|Any CPU
		{1779A9FC-D26F-4A5A-A6E6-96E6F49AECA9}.Release|Any CPU.Build.0 = Release|Any CPU
		{4E61D503-DCAB-4F4D-8D3C-A9B647590E5B}.Debug|Any CPU.ActiveCfg = Debug|Any CPU
		{4E61D503-DCAB-4F4D-8D3C-A9B647590E5B}.Debug|Any CPU.Build.0 = Debug|Any CPU
		{4E61D503-DCAB-4F4D-8D3C-A9B647590E5B}.Release|Any CPU.ActiveCfg = Release|Any CPU
		{4E61D503-DCAB-4F4D-8D3C-A9B647590E5B}.Release|Any CPU.Build.0 = Release|Any CPU
		{FD2AB4CC-5B5E-4950-908E-30A1AD6184E2}.Debug|Any CPU.ActiveCfg = Debug|Any CPU
		{FD2AB4CC-5B5E-4950-908E-30A1AD6184E2}.Debug|Any CPU.Build.0 = Debug|Any CPU
		{FD2AB4CC-5B5E-4950-908E-30A1AD6184E2}.Release|Any CPU.ActiveCfg = Release|Any CPU
		{FD2AB4CC-5B5E-4950-908E-30A1AD6184E2}.Release|Any CPU.Build.0 = Release|Any CPU
		{D0D0CCBC-B541-49B8-B47F-62D93530D029}.Debug|Any CPU.ActiveCfg = Debug|Any CPU
		{D0D0CCBC-B541-49B8-B47F-62D93530D029}.Debug|Any CPU.Build.0 = Debug|Any CPU
		{D0D0CCBC-B541-49B8-B47F-62D93530D029}.Release|Any CPU.ActiveCfg = Release|Any CPU
		{D0D0CCBC-B541-49B8-B47F-62D93530D029}.Release|Any CPU.Build.0 = Release|Any CPU
		{5236D186-1AB4-416E-9C69-AA86ADE4FF75}.Debug|Any CPU.ActiveCfg = Debug|Any CPU
		{5236D186-1AB4-416E-9C69-AA86ADE4FF75}.Debug|Any CPU.Build.0 = Debug|Any CPU
		{5236D186-1AB4-416E-9C69-AA86ADE4FF75}.Release|Any CPU.ActiveCfg = Release|Any CPU
		{5236D186-1AB4-416E-9C69-AA86ADE4FF75}.Release|Any CPU.Build.0 = Release|Any CPU
	EndGlobalSection
	GlobalSection(SolutionProperties) = preSolution
		HideSolutionNode = FALSE
	EndGlobalSection
	GlobalSection(NestedProjects) = preSolution
		{7FE15B6D-9C8B-49B9-9095-28D839BFC09A} = {24C71A76-1FF7-450D-86B2-F570BAA8AB7C}
		{F60F6E8F-783C-4CFF-AACB-1915FFFE4791} = {939582A9-958F-447A-A5E0-AAECD405CE54}
		{26A5F140-032B-419A-80D7-6E0C60782ABF} = {939582A9-958F-447A-A5E0-AAECD405CE54}
		{ABAB811F-F097-4A0E-B81F-281FE22E781D} = {939582A9-958F-447A-A5E0-AAECD405CE54}
		{897A94A5-76FC-4817-8E58-AE667672DD55} = {939582A9-958F-447A-A5E0-AAECD405CE54}
		{CBA34CAD-E1D9-435D-A20A-888F31D4F6F8} = {939582A9-958F-447A-A5E0-AAECD405CE54}
		{1779A9FC-D26F-4A5A-A6E6-96E6F49AECA9} = {939582A9-958F-447A-A5E0-AAECD405CE54}
		{4E61D503-DCAB-4F4D-8D3C-A9B647590E5B} = {939582A9-958F-447A-A5E0-AAECD405CE54}
		{FD2AB4CC-5B5E-4950-908E-30A1AD6184E2} = {939582A9-958F-447A-A5E0-AAECD405CE54}
		{D0D0CCBC-B541-49B8-B47F-62D93530D029} = {939582A9-958F-447A-A5E0-AAECD405CE54}
		{5236D186-1AB4-416E-9C69-AA86ADE4FF75} = {939582A9-958F-447A-A5E0-AAECD405CE54}
	EndGlobalSection
	GlobalSection(ExtensibilityGlobals) = postSolution
		SolutionGuid = {6EA41B17-FFFC-423A-A8F9-6856A8E2C80A}
	EndGlobalSection
EndGlobal
